
Microsoft Visual Studio Solution File, Format Version 12.00
# Visual Studio Version 17
VisualStudioVersion = 17.2.32616.157
MinimumVisualStudioVersion = 10.0.40219.1
Project("{9A19103F-16F7-4668-BE54-9A1E7A4F7556}") = "GameService", "GameService\GameService.csproj", "{24F68ACC-1FE4-4CFB-86A7-196092AF2040}"
EndProject
Project("{9A19103F-16F7-4668-BE54-9A1E7A4F7556}") = "Game.Server", "Game.Server\Game.Server.csproj", "{79E93887-BA82-4CC6-89F4-74CE8B6876FE}"
EndProject
Project("{9A19103F-16F7-4668-BE54-9A1E7A4F7556}") = "Game.Network", "Game.Networking\Game.Network.csproj", "{E37FD400-7D85-4305-813C-E66664C2389E}"
EndProject
Project("{9A19103F-16F7-4668-BE54-9A1E7A4F7556}") = "Game.Resources", "Game.Resources\Game.Resources.csproj", "{5DFA7B55-B419-4B35-A0DE-0BBBC1C46601}"
EndProject
Project("{2150E333-8FDC-42A3-9474-1A3956D46DE8}") = "Solution Items", "Solution Items", "{49D79427-28AB-4D86-8DE9-CFBC9AEB45E4}"
	ProjectSection(SolutionItems) = preProject
		.editorconfig = .editorconfig
	EndProjectSection
EndProject
Project("{9A19103F-16F7-4668-BE54-9A1E7A4F7556}") = "Game.Components", "Game.Components\Game.Components.csproj", "{EF4E90E9-1FF1-4021-9817-856B8B8ED35D}"
EndProject
Project("{FAE04EC0-301F-11D3-BF4B-00C04F79EFBC}") = "Game.Database", "Game.Database\Game.Database.csproj", "{87DE9012-E1DF-4503-9154-04A841D84553}"
EndProject
Global
	GlobalSection(SolutionConfigurationPlatforms) = preSolution
		Debug|Any CPU = Debug|Any CPU
		Debug|ARM = Debug|ARM
		Debug|ARM64 = Debug|ARM64
		Debug|x64 = Debug|x64
		Debug|x86 = Debug|x86
		Release|Any CPU = Release|Any CPU
		Release|ARM = Release|ARM
		Release|ARM64 = Release|ARM64
		Release|x64 = Release|x64
		Release|x86 = Release|x86
	EndGlobalSection
	GlobalSection(ProjectConfigurationPlatforms) = postSolution
		{24F68ACC-1FE4-4CFB-86A7-196092AF2040}.Debug|Any CPU.ActiveCfg = Debug|Any CPU
		{24F68ACC-1FE4-4CFB-86A7-196092AF2040}.Debug|Any CPU.Build.0 = Debug|Any CPU
		{24F68ACC-1FE4-4CFB-86A7-196092AF2040}.Debug|ARM.ActiveCfg = Debug|Any CPU
		{24F68ACC-1FE4-4CFB-86A7-196092AF2040}.Debug|ARM.Build.0 = Debug|Any CPU
		{24F68ACC-1FE4-4CFB-86A7-196092AF2040}.Debug|ARM64.ActiveCfg = Debug|Any CPU
		{24F68ACC-1FE4-4CFB-86A7-196092AF2040}.Debug|ARM64.Build.0 = Debug|Any CPU
		{24F68ACC-1FE4-4CFB-86A7-196092AF2040}.Debug|x64.ActiveCfg = Debug|Any CPU
		{24F68ACC-1FE4-4CFB-86A7-196092AF2040}.Debug|x64.Build.0 = Debug|Any CPU
		{24F68ACC-1FE4-4CFB-86A7-196092AF2040}.Debug|x86.ActiveCfg = Debug|Any CPU
		{24F68ACC-1FE4-4CFB-86A7-196092AF2040}.Debug|x86.Build.0 = Debug|Any CPU
		{24F68ACC-1FE4-4CFB-86A7-196092AF2040}.Release|Any CPU.ActiveCfg = Release|Any CPU
		{24F68ACC-1FE4-4CFB-86A7-196092AF2040}.Release|Any CPU.Build.0 = Release|Any CPU
		{24F68ACC-1FE4-4CFB-86A7-196092AF2040}.Release|ARM.ActiveCfg = Release|Any CPU
		{24F68ACC-1FE4-4CFB-86A7-196092AF2040}.Release|ARM.Build.0 = Release|Any CPU
		{24F68ACC-1FE4-4CFB-86A7-196092AF2040}.Release|ARM64.ActiveCfg = Release|Any CPU
		{24F68ACC-1FE4-4CFB-86A7-196092AF2040}.Release|ARM64.Build.0 = Release|Any CPU
		{24F68ACC-1FE4-4CFB-86A7-196092AF2040}.Release|x64.ActiveCfg = Release|Any CPU
		{24F68ACC-1FE4-4CFB-86A7-196092AF2040}.Release|x64.Build.0 = Release|Any CPU
		{24F68ACC-1FE4-4CFB-86A7-196092AF2040}.Release|x86.ActiveCfg = Release|Any CPU
		{24F68ACC-1FE4-4CFB-86A7-196092AF2040}.Release|x86.Build.0 = Release|Any CPU
		{79E93887-BA82-4CC6-89F4-74CE8B6876FE}.Debug|Any CPU.ActiveCfg = Debug|Any CPU
		{79E93887-BA82-4CC6-89F4-74CE8B6876FE}.Debug|Any CPU.Build.0 = Debug|Any CPU
		{79E93887-BA82-4CC6-89F4-74CE8B6876FE}.Debug|ARM.ActiveCfg = Debug|Any CPU
		{79E93887-BA82-4CC6-89F4-74CE8B6876FE}.Debug|ARM.Build.0 = Debug|Any CPU
		{79E93887-BA82-4CC6-89F4-74CE8B6876FE}.Debug|ARM64.ActiveCfg = Debug|Any CPU
		{79E93887-BA82-4CC6-89F4-74CE8B6876FE}.Debug|ARM64.Build.0 = Debug|Any CPU
		{79E93887-BA82-4CC6-89F4-74CE8B6876FE}.Debug|x64.ActiveCfg = Debug|Any CPU
		{79E93887-BA82-4CC6-89F4-74CE8B6876FE}.Debug|x64.Build.0 = Debug|Any CPU
		{79E93887-BA82-4CC6-89F4-74CE8B6876FE}.Debug|x86.ActiveCfg = Debug|Any CPU
		{79E93887-BA82-4CC6-89F4-74CE8B6876FE}.Debug|x86.Build.0 = Debug|Any CPU
		{79E93887-BA82-4CC6-89F4-74CE8B6876FE}.Release|Any CPU.ActiveCfg = Release|Any CPU
		{79E93887-BA82-4CC6-89F4-74CE8B6876FE}.Release|Any CPU.Build.0 = Release|Any CPU
		{79E93887-BA82-4CC6-89F4-74CE8B6876FE}.Release|ARM.ActiveCfg = Release|Any CPU
		{79E93887-BA82-4CC6-89F4-74CE8B6876FE}.Release|ARM.Build.0 = Release|Any CPU
		{79E93887-BA82-4CC6-89F4-74CE8B6876FE}.Release|ARM64.ActiveCfg = Release|Any CPU
		{79E93887-BA82-4CC6-89F4-74CE8B6876FE}.Release|ARM64.Build.0 = Release|Any CPU
		{79E93887-BA82-4CC6-89F4-74CE8B6876FE}.Release|x64.ActiveCfg = Release|Any CPU
		{79E93887-BA82-4CC6-89F4-74CE8B6876FE}.Release|x64.Build.0 = Release|Any CPU
		{79E93887-BA82-4CC6-89F4-74CE8B6876FE}.Release|x86.ActiveCfg = Release|Any CPU
		{79E93887-BA82-4CC6-89F4-74CE8B6876FE}.Release|x86.Build.0 = Release|Any CPU
		{E37FD400-7D85-4305-813C-E66664C2389E}.Debug|Any CPU.ActiveCfg = Debug|Any CPU
		{E37FD400-7D85-4305-813C-E66664C2389E}.Debug|Any CPU.Build.0 = Debug|Any CPU
		{E37FD400-7D85-4305-813C-E66664C2389E}.Debug|ARM.ActiveCfg = Debug|Any CPU
		{E37FD400-7D85-4305-813C-E66664C2389E}.Debug|ARM.Build.0 = Debug|Any CPU
		{E37FD400-7D85-4305-813C-E66664C2389E}.Debug|ARM64.ActiveCfg = Debug|Any CPU
		{E37FD400-7D85-4305-813C-E66664C2389E}.Debug|ARM64.Build.0 = Debug|Any CPU
		{E37FD400-7D85-4305-813C-E66664C2389E}.Debug|x64.ActiveCfg = Debug|Any CPU
		{E37FD400-7D85-4305-813C-E66664C2389E}.Debug|x64.Build.0 = Debug|Any CPU
		{E37FD400-7D85-4305-813C-E66664C2389E}.Debug|x86.ActiveCfg = Debug|Any CPU
		{E37FD400-7D85-4305-813C-E66664C2389E}.Debug|x86.Build.0 = Debug|Any CPU
		{E37FD400-7D85-4305-813C-E66664C2389E}.Release|Any CPU.ActiveCfg = Release|Any CPU
		{E37FD400-7D85-4305-813C-E66664C2389E}.Release|Any CPU.Build.0 = Release|Any CPU
		{E37FD400-7D85-4305-813C-E66664C2389E}.Release|ARM.ActiveCfg = Release|Any CPU
		{E37FD400-7D85-4305-813C-E66664C2389E}.Release|ARM.Build.0 = Release|Any CPU
		{E37FD400-7D85-4305-813C-E66664C2389E}.Release|ARM64.ActiveCfg = Release|Any CPU
		{E37FD400-7D85-4305-813C-E66664C2389E}.Release|ARM64.Build.0 = Release|Any CPU
		{E37FD400-7D85-4305-813C-E66664C2389E}.Release|x64.ActiveCfg = Release|Any CPU
		{E37FD400-7D85-4305-813C-E66664C2389E}.Release|x64.Build.0 = Release|Any CPU
		{E37FD400-7D85-4305-813C-E66664C2389E}.Release|x86.ActiveCfg = Release|Any CPU
		{E37FD400-7D85-4305-813C-E66664C2389E}.Release|x86.Build.0 = Release|Any CPU
		{5DFA7B55-B419-4B35-A0DE-0BBBC1C46601}.Debug|Any CPU.ActiveCfg = Debug|Any CPU
		{5DFA7B55-B419-4B35-A0DE-0BBBC1C46601}.Debug|Any CPU.Build.0 = Debug|Any CPU
		{5DFA7B55-B419-4B35-A0DE-0BBBC1C46601}.Debug|ARM.ActiveCfg = Debug|Any CPU
		{5DFA7B55-B419-4B35-A0DE-0BBBC1C46601}.Debug|ARM.Build.0 = Debug|Any CPU
		{5DFA7B55-B419-4B35-A0DE-0BBBC1C46601}.Debug|ARM64.ActiveCfg = Debug|Any CPU
		{5DFA7B55-B419-4B35-A0DE-0BBBC1C46601}.Debug|ARM64.Build.0 = Debug|Any CPU
		{5DFA7B55-B419-4B35-A0DE-0BBBC1C46601}.Debug|x64.ActiveCfg = Debug|Any CPU
		{5DFA7B55-B419-4B35-A0DE-0BBBC1C46601}.Debug|x64.Build.0 = Debug|Any CPU
		{5DFA7B55-B419-4B35-A0DE-0BBBC1C46601}.Debug|x86.ActiveCfg = Debug|Any CPU
		{5DFA7B55-B419-4B35-A0DE-0BBBC1C46601}.Debug|x86.Build.0 = Debug|Any CPU
		{5DFA7B55-B419-4B35-A0DE-0BBBC1C46601}.Release|Any CPU.ActiveCfg = Release|Any CPU
		{5DFA7B55-B419-4B35-A0DE-0BBBC1C46601}.Release|Any CPU.Build.0 = Release|Any CPU
		{5DFA7B55-B419-4B35-A0DE-0BBBC1C46601}.Release|ARM.ActiveCfg = Release|Any CPU
		{5DFA7B55-B419-4B35-A0DE-0BBBC1C46601}.Release|ARM.Build.0 = Release|Any CPU
		{5DFA7B55-B419-4B35-A0DE-0BBBC1C46601}.Release|ARM64.ActiveCfg = Release|Any CPU
		{5DFA7B55-B419-4B35-A0DE-0BBBC1C46601}.Release|ARM64.Build.0 = Release|Any CPU
		{5DFA7B55-B419-4B35-A0DE-0BBBC1C46601}.Release|x64.ActiveCfg = Release|Any CPU
		{5DFA7B55-B419-4B35-A0DE-0BBBC1C46601}.Release|x64.Build.0 = Release|Any CPU
		{5DFA7B55-B419-4B35-A0DE-0BBBC1C46601}.Release|x86.ActiveCfg = Release|Any CPU
		{5DFA7B55-B419-4B35-A0DE-0BBBC1C46601}.Release|x86.Build.0 = Release|Any CPU
		{EF4E90E9-1FF1-4021-9817-856B8B8ED35D}.Debug|Any CPU.ActiveCfg = Debug|Any CPU
		{EF4E90E9-1FF1-4021-9817-856B8B8ED35D}.Debug|Any CPU.Build.0 = Debug|Any CPU
		{EF4E90E9-1FF1-4021-9817-856B8B8ED35D}.Debug|ARM.ActiveCfg = Debug|Any CPU
		{EF4E90E9-1FF1-4021-9817-856B8B8ED35D}.Debug|ARM.Build.0 = Debug|Any CPU
		{EF4E90E9-1FF1-4021-9817-856B8B8ED35D}.Debug|ARM64.ActiveCfg = Debug|Any CPU
		{EF4E90E9-1FF1-4021-9817-856B8B8ED35D}.Debug|ARM64.Build.0 = Debug|Any CPU
		{EF4E90E9-1FF1-4021-9817-856B8B8ED35D}.Debug|x64.ActiveCfg = Debug|Any CPU
		{EF4E90E9-1FF1-4021-9817-856B8B8ED35D}.Debug|x64.Build.0 = Debug|Any CPU
		{EF4E90E9-1FF1-4021-9817-856B8B8ED35D}.Debug|x86.ActiveCfg = Debug|Any CPU
		{EF4E90E9-1FF1-4021-9817-856B8B8ED35D}.Debug|x86.Build.0 = Debug|Any CPU
		{EF4E90E9-1FF1-4021-9817-856B8B8ED35D}.Release|Any CPU.ActiveCfg = Release|Any CPU
		{EF4E90E9-1FF1-4021-9817-856B8B8ED35D}.Release|Any CPU.Build.0 = Release|Any CPU
		{EF4E90E9-1FF1-4021-9817-856B8B8ED35D}.Release|ARM.ActiveCfg = Release|Any CPU
		{EF4E90E9-1FF1-4021-9817-856B8B8ED35D}.Release|ARM.Build.0 = Release|Any CPU
		{EF4E90E9-1FF1-4021-9817-856B8B8ED35D}.Release|ARM64.ActiveCfg = Release|Any CPU
		{EF4E90E9-1FF1-4021-9817-856B8B8ED35D}.Release|ARM64.Build.0 = Release|Any CPU
		{EF4E90E9-1FF1-4021-9817-856B8B8ED35D}.Release|x64.ActiveCfg = Release|Any CPU
		{EF4E90E9-1FF1-4021-9817-856B8B8ED35D}.Release|x64.Build.0 = Release|Any CPU
		{EF4E90E9-1FF1-4021-9817-856B8B8ED35D}.Release|x86.ActiveCfg = Release|Any CPU
		{EF4E90E9-1FF1-4021-9817-856B8B8ED35D}.Release|x86.Build.0 = Release|Any CPU
		{87DE9012-E1DF-4503-9154-04A841D84553}.Debug|Any CPU.ActiveCfg = Debug|Any CPU
		{87DE9012-E1DF-4503-9154-04A841D84553}.Debug|Any CPU.Build.0 = Debug|Any CPU
		{87DE9012-E1DF-4503-9154-04A841D84553}.Debug|ARM.ActiveCfg = Debug|Any CPU
		{87DE9012-E1DF-4503-9154-04A841D84553}.Debug|ARM.Build.0 = Debug|Any CPU
		{87DE9012-E1DF-4503-9154-04A841D84553}.Debug|ARM64.ActiveCfg = Debug|Any CPU
		{87DE9012-E1DF-4503-9154-04A841D84553}.Debug|ARM64.Build.0 = Debug|Any CPU
		{87DE9012-E1DF-4503-9154-04A841D84553}.Debug|x64.ActiveCfg = Debug|Any CPU
		{87DE9012-E1DF-4503-9154-04A841D84553}.Debug|x64.Build.0 = Debug|Any CPU
		{87DE9012-E1DF-4503-9154-04A841D84553}.Debug|x86.ActiveCfg = Debug|Any CPU
		{87DE9012-E1DF-4503-9154-04A841D84553}.Debug|x86.Build.0 = Debug|Any CPU
		{87DE9012-E1DF-4503-9154-04A841D84553}.Release|Any CPU.ActiveCfg = Release|Any CPU
		{87DE9012-E1DF-4503-9154-04A841D84553}.Release|Any CPU.Build.0 = Release|Any CPU
		{87DE9012-E1DF-4503-9154-04A841D84553}.Release|ARM.ActiveCfg = Release|Any CPU
		{87DE9012-E1DF-4503-9154-04A841D84553}.Release|ARM.Build.0 = Release|Any CPU
		{87DE9012-E1DF-4503-9154-04A841D84553}.Release|ARM64.ActiveCfg = Release|Any CPU
		{87DE9012-E1DF-4503-9154-04A841D84553}.Release|ARM64.Build.0 = Release|Any CPU
		{87DE9012-E1DF-4503-9154-04A841D84553}.Release|x64.ActiveCfg = Release|Any CPU
		{87DE9012-E1DF-4503-9154-04A841D84553}.Release|x64.Build.0 = Release|Any CPU
		{87DE9012-E1DF-4503-9154-04A841D84553}.Release|x86.ActiveCfg = Release|Any CPU
		{87DE9012-E1DF-4503-9154-04A841D84553}.Release|x86.Build.0 = Release|Any CPU
	EndGlobalSection
	GlobalSection(SolutionProperties) = preSolution
		HideSolutionNode = FALSE
	EndGlobalSection
	GlobalSection(ExtensibilityGlobals) = postSolution
		SolutionGuid = {61F246AB-04CE-4624-8433-B332E75A4079}
	EndGlobalSection
EndGlobal
